
Microsoft Visual Studio Solution File, Format Version 12.00
# Visual Studio Version 17
VisualStudioVersion = 17.0.31912.275
MinimumVisualStudioVersion = 10.0.40219.1
Project("{2150E333-8FDC-42A3-9474-1A3956D46DE8}") = "src", "src", "{3DC84B8F-1059-4821-8655-ED29A9C0B60E}"
EndProject
Project("{9A19103F-16F7-4668-BE54-9A1E7A4F7556}") = "Halva.Package.Core", "src\Halva.Package.Core\Halva.Package.Core.csproj", "{7EFC6EDB-F6A5-4329-9DC0-CCE917C69E01}"
EndProject
Project("{2150E333-8FDC-42A3-9474-1A3956D46DE8}") = "tests", "tests", "{665CD08D-F6F4-402C-AE95-69F74FB11B48}"
EndProject
Project("{9A19103F-16F7-4668-BE54-9A1E7A4F7556}") = "Halva.Package.Core.Tests", "tests\Halva.Package.Core.Tests\Halva.Package.Core.Tests.csproj", "{220717C9-97FA-49F4-A679-998D0A384F5B}"
EndProject
Project("{9A19103F-16F7-4668-BE54-9A1E7A4F7556}") = "Halva.Package.Packer", "src\Halva.Package.Packer\Halva.Package.Packer.csproj", "{2DA4CF8A-A393-49B6-9E81-AF89DFA8311A}"
EndProject
Project("{9A19103F-16F7-4668-BE54-9A1E7A4F7556}") = "Halva.Package.Bootstrapper", "src\Halva.Package.Extractor\Halva.Package.Bootstrapper.csproj", "{90635A0F-8B7C-427E-8032-23A6D64FCE8C}"
EndProject
Project("{2150E333-8FDC-42A3-9474-1A3956D46DE8}") = "Solution Items", "Solution Items", "{2713E86E-5E18-432D-AB6B-AF5F67517F17}"
	ProjectSection(SolutionItems) = preProject
		.editorconfig = .editorconfig
	EndProjectSection
EndProject
Global
	GlobalSection(SolutionConfigurationPlatforms) = preSolution
		Debug|Any CPU = Debug|Any CPU
		Release|Any CPU = Release|Any CPU
	EndGlobalSection
	GlobalSection(ProjectConfigurationPlatforms) = postSolution
		{7EFC6EDB-F6A5-4329-9DC0-CCE917C69E01}.Debug|Any CPU.ActiveCfg = Debug|Any CPU
		{7EFC6EDB-F6A5-4329-9DC0-CCE917C69E01}.Debug|Any CPU.Build.0 = Debug|Any CPU
		{7EFC6EDB-F6A5-4329-9DC0-CCE917C69E01}.Release|Any CPU.ActiveCfg = Release|Any CPU
		{7EFC6EDB-F6A5-4329-9DC0-CCE917C69E01}.Release|Any CPU.Build.0 = Release|Any CPU
		{220717C9-97FA-49F4-A679-998D0A384F5B}.Debug|Any CPU.ActiveCfg = Debug|Any CPU
		{220717C9-97FA-49F4-A679-998D0A384F5B}.Debug|Any CPU.Build.0 = Debug|Any CPU
		{220717C9-97FA-49F4-A679-998D0A384F5B}.Release|Any CPU.ActiveCfg = Release|Any CPU
		{220717C9-97FA-49F4-A679-998D0A384F5B}.Release|Any CPU.Build.0 = Release|Any CPU
		{2DA4CF8A-A393-49B6-9E81-AF89DFA8311A}.Debug|Any CPU.ActiveCfg = Debug|Any CPU
		{2DA4CF8A-A393-49B6-9E81-AF89DFA8311A}.Debug|Any CPU.Build.0 = Debug|Any CPU
		{2DA4CF8A-A393-49B6-9E81-AF89DFA8311A}.Release|Any CPU.ActiveCfg = Release|Any CPU
		{2DA4CF8A-A393-49B6-9E81-AF89DFA8311A}.Release|Any CPU.Build.0 = Release|Any CPU
		{90635A0F-8B7C-427E-8032-23A6D64FCE8C}.Debug|Any CPU.ActiveCfg = Debug|Any CPU
		{90635A0F-8B7C-427E-8032-23A6D64FCE8C}.Debug|Any CPU.Build.0 = Debug|Any CPU
		{90635A0F-8B7C-427E-8032-23A6D64FCE8C}.Release|Any CPU.ActiveCfg = Release|Any CPU
		{90635A0F-8B7C-427E-8032-23A6D64FCE8C}.Release|Any CPU.Build.0 = Release|Any CPU
	EndGlobalSection
	GlobalSection(SolutionProperties) = preSolution
		HideSolutionNode = FALSE
	EndGlobalSection
	GlobalSection(NestedProjects) = preSolution
		{7EFC6EDB-F6A5-4329-9DC0-CCE917C69E01} = {3DC84B8F-1059-4821-8655-ED29A9C0B60E}
		{220717C9-97FA-49F4-A679-998D0A384F5B} = {665CD08D-F6F4-402C-AE95-69F74FB11B48}
		{2DA4CF8A-A393-49B6-9E81-AF89DFA8311A} = {3DC84B8F-1059-4821-8655-ED29A9C0B60E}
		{90635A0F-8B7C-427E-8032-23A6D64FCE8C} = {3DC84B8F-1059-4821-8655-ED29A9C0B60E}
	EndGlobalSection
	GlobalSection(ExtensibilityGlobals) = postSolution
		SolutionGuid = {F73E00BE-A4AB-4E91-9818-7C3CA5F7429A}
	EndGlobalSection
EndGlobal
